
Microsoft Visual Studio Solution File, Format Version 12.00
# Visual Studio Version 17
VisualStudioVersion = 17.4.33103.184
MinimumVisualStudioVersion = 10.0.40219.1
Project("{FAE04EC0-301F-11D3-BF4B-00C04F79EFBC}") = "Word_Ueberschrift1_Test", "Word_Ueberschrift1_Test\Word_Ueberschrift1_Test.csproj", "{DE9B2660-A165-4703-A1EC-C00D6E130A30}"
EndProject
Global
	GlobalSection(SolutionConfigurationPlatforms) = preSolution
		Debug|Any CPU = Debug|Any CPU
		Release|Any CPU = Release|Any CPU
	EndGlobalSection
	GlobalSection(ProjectConfigurationPlatforms) = postSolution
		{DE9B2660-A165-4703-A1EC-C00D6E130A30}.Debug|Any CPU.ActiveCfg = Debug|Any CPU
		{DE9B2660-A165-4703-A1EC-C00D6E130A30}.Debug|Any CPU.Build.0 = Debug|Any CPU
		{DE9B2660-A165-4703-A1EC-C00D6E130A30}.Release|Any CPU.ActiveCfg = Release|Any CPU
		{DE9B2660-A165-4703-A1EC-C00D6E130A30}.Release|Any CPU.Build.0 = Release|Any CPU
	EndGlobalSection
	GlobalSection(SolutionProperties) = preSolution
		HideSolutionNode = FALSE
	EndGlobalSection
	GlobalSection(ExtensibilityGlobals) = postSolution
		SolutionGuid = {558B5998-F225-4774-9B41-4751870770E8}
	EndGlobalSection
EndGlobal
